<?xml version="1.0" encoding="utf-8"?>
<Project ToolsVersion="4.0" xmlns="http://schemas.microsoft.com/developer/msbuild/2003">
  <ItemGroup>
    <Filter Include="Source Files">
      <UniqueIdentifier>{4FC737F1-C7A5-4376-A066-2A32D752A2FF}</UniqueIdentifier>
      <Extensions>cpp;c;cc;cxx;c++;cppm;ixx;def;odl;idl;hpj;bat;asm;asmx</Extensions>
    </Filter>
    <Filter Include="Header Files">
      <UniqueIdentifier>{93995380-89BD-4b04-88EB-625FBE52EBFB}</UniqueIdentifier>
      <Extensions>h;hh;hpp;hxx;h++;hm;inl;inc;ipp;xsd</Extensions>
    </Filter>
    <Filter Include="Resource Files">
      <UniqueIdentifier>{67DA6AB6-F800-4c08-8B7A-83BB121AAD01}</UniqueIdentifier>
      <Extensions>rc;ico;cur;bmp;dlg;rc2;rct;bin;rgs;gif;jpg;jpeg;jpe;resx;tiff;tif;png;wav;mfcribbon-ms</Extensions>
    </Filter>
    <Filter Include="Source Files\src">
      <UniqueIdentifier>{46fdb18d-f91e-4ea4-a3fa-be9200f387f5}</UniqueIdentifier>
    </Filter>
    <Filter Include="Source Files\include">
      <UniqueIdentifier>{fb9e4f87-e241-4f95-939f-e06a45f527dc}</UniqueIdentifier>
    </Filter>
    <Filter Include="Source Files\include\Engine">
      <UniqueIdentifier>{6b05f3e4-2ba5-4bd3-8ac4-7aad02f7646c}</UniqueIdentifier>
    </Filter>
    <Filter Include="Source Files\src\Engine">
      <UniqueIdentifier>{26412eef-a631-478d-9bb0-7f90f48387f8}</UniqueIdentifier>
    </Filter>
    <Filter Include="Source Files\include\States">
      <UniqueIdentifier>{a55cc8fd-8111-4f04-84ed-c197194b32b8}</UniqueIdentifier>
    </Filter>
    <Filter Include="Source Files\src\States">
      <UniqueIdentifier>{c2cc1454-e821-4153-aaeb-77b8a1e7c26d}</UniqueIdentifier>
    </Filter>
    <Filter Include="Source Files\include\ProjectSpecific">
      <UniqueIdentifier>{ec514745-0665-4c22-8891-04943d3bb40d}</UniqueIdentifier>
    </Filter>
    <Filter Include="Source Files\src\ProjectSpecific">
      <UniqueIdentifier>{391dbfa0-0cd6-4a3d-8bf1-a86175184bbf}</UniqueIdentifier>
    </Filter>
    <Filter Include="Source Files\include\Engine\UI">
      <UniqueIdentifier>{274cc9bf-4292-41fc-a57a-4ddcf208ce3e}</UniqueIdentifier>
    </Filter>
    <Filter Include="Source Files\src\Engine\UI">
      <UniqueIdentifier>{1ece789d-cee7-417a-b322-f6509f16c693}</UniqueIdentifier>
    </Filter>
  </ItemGroup>
  <ItemGroup>
    <ClCompile Include="main.cpp">
      <Filter>Source Files</Filter>
    </ClCompile>
    <ClCompile Include="imgui\imgui.cpp">
      <Filter>Source Files</Filter>
    </ClCompile>
    <ClCompile Include="imgui\imgui_draw.cpp">
      <Filter>Source Files</Filter>
    </ClCompile>
    <ClCompile Include="imgui\imgui_tables.cpp">
      <Filter>Source Files</Filter>
    </ClCompile>
    <ClCompile Include="imgui\imgui_widgets.cpp">
      <Filter>Source Files</Filter>
    </ClCompile>
    <ClCompile Include="imgui\imgui-SFML.cpp">
      <Filter>Source Files</Filter>
    </ClCompile>
    <ClCompile Include="Renderer.cpp">
      <Filter>Source Files\src\Engine</Filter>
    </ClCompile>
    <ClCompile Include="StateManager.cpp">
      <Filter>Source Files\src\Engine</Filter>
    </ClCompile>
    <ClCompile Include="NoneState.cpp">
      <Filter>Source Files\src\States</Filter>
    </ClCompile>
    <ClCompile Include="Game.cpp">
      <Filter>Source Files\src\Engine</Filter>
    </ClCompile>
    <ClCompile Include="LoadScreen.cpp">
      <Filter>Source Files\src\States</Filter>
    </ClCompile>
    <ClCompile Include="Config.cpp">
      <Filter>Source Files\src</Filter>
    </ClCompile>
    <ClCompile Include="Input.cpp">
      <Filter>Source Files\src\Engine</Filter>
    </ClCompile>
    <ClCompile Include="State.cpp">
      <Filter>Source Files\src\Engine</Filter>
    </ClCompile>
    <ClCompile Include="SoundPlayer.cpp">
      <Filter>Source Files\src\Engine</Filter>
    </ClCompile>
    <ClCompile Include="Menu.cpp">
      <Filter>Source Files\src\States</Filter>
    </ClCompile>
    <ClCompile Include="GUI.cpp">
      <Filter>Source Files\src\Engine\UI</Filter>
    </ClCompile>
    <ClCompile Include="Button.cpp">
      <Filter>Source Files\src\Engine\UI</Filter>
    </ClCompile>
    <ClCompile Include="Gameplay.cpp">
      <Filter>Source Files\src\States</Filter>
    </ClCompile>
    <ClCompile Include="Pad.cpp">
      <Filter>Source Files\src\ProjectSpecific</Filter>
    </ClCompile>
    <ClCompile Include="Player.cpp">
      <Filter>Source Files\src\ProjectSpecific</Filter>
    </ClCompile>
    <ClCompile Include="EndScreen.h">
      <Filter>Source Files\include\States</Filter>
    </ClCompile>
    <ClCompile Include="EndScreen.cpp">
      <Filter>Source Files\src\States</Filter>
    </ClCompile>
  </ItemGroup>
  <ItemGroup>
    <ClInclude Include="imgui\imconfig.h">
      <Filter>Header Files</Filter>
    </ClInclude>
    <ClInclude Include="imgui\imconfig-SFML.h">
      <Filter>Header Files</Filter>
    </ClInclude>
    <ClInclude Include="imgui\imgui.h">
      <Filter>Header Files</Filter>
    </ClInclude>
    <ClInclude Include="imgui\imgui_internal.h">
      <Filter>Header Files</Filter>
    </ClInclude>
    <ClInclude Include="imgui\imgui-SFML.h">
      <Filter>Header Files</Filter>
    </ClInclude>
    <ClInclude Include="imgui\imgui-SFML_export.h">
      <Filter>Header Files</Filter>
    </ClInclude>
    <ClInclude Include="imgui\imstb_rectpack.h">
      <Filter>Header Files</Filter>
    </ClInclude>
    <ClInclude Include="imgui\imstb_textedit.h">
      <Filter>Header Files</Filter>
    </ClInclude>
    <ClInclude Include="imgui\imstb_truetype.h">
      <Filter>Header Files</Filter>
    </ClInclude>
    <ClInclude Include="Renderer.h">
      <Filter>Source Files\include\Engine</Filter>
    </ClInclude>
    <ClInclude Include="StateManager.h">
      <Filter>Source Files\include\Engine</Filter>
    </ClInclude>
    <ClInclude Include="Enumerators.h">
      <Filter>Source Files\include\Engine</Filter>
    </ClInclude>
    <ClInclude Include="State.h">
      <Filter>Source Files\include\Engine</Filter>
    </ClInclude>
    <ClInclude Include="NoneState.h">
      <Filter>Source Files\include\States</Filter>
    </ClInclude>
    <ClInclude Include="Game.h">
      <Filter>Source Files\include\Engine</Filter>
    </ClInclude>
    <ClInclude Include="Defines.h">
      <Filter>Source Files\include\Engine</Filter>
    </ClInclude>
    <ClInclude Include="LoadScreen.h">
      <Filter>Source Files\include\States</Filter>
    </ClInclude>
    <ClInclude Include="Config.h">
      <Filter>Source Files\include</Filter>
    </ClInclude>
    <ClInclude Include="Input.h">
      <Filter>Source Files\include\Engine</Filter>
    </ClInclude>
    <ClInclude Include="SoundPlayer.h">
      <Filter>Source Files\include\Engine</Filter>
    </ClInclude>
    <ClInclude Include="Menu.h">
      <Filter>Source Files\include\States</Filter>
    </ClInclude>
    <ClInclude Include="GUI.h">
      <Filter>Source Files\include\Engine\UI</Filter>
    </ClInclude>
    <ClInclude Include="Button.h">
      <Filter>Source Files\include\Engine\UI</Filter>
    </ClInclude>
    <ClInclude Include="Gameplay.h">
      <Filter>Source Files\include\States</Filter>
    </ClInclude>
    <ClInclude Include="Pad.h">
      <Filter>Source Files\include\ProjectSpecific</Filter>
    </ClInclude>
    <ClInclude Include="Player.h">
      <Filter>Source Files\include\ProjectSpecific</Filter>
    </ClInclude>
  </ItemGroup>
</Project>